{
    "_readme": [
        "This file locks the dependencies of your project to a known state",
        "Read more about it at https://getcomposer.org/doc/01-basic-usage.md#composer-lock-the-lock-file",
        "This file is @generated automatically"
    ],
    "hash": "7afc7741e05e527af542f1add960a39f",
    "packages": [
        {
            "name": "dogancelik/slim-json",
            "version": "v0.3.2",
            "source": {
                "type": "git",
                "url": "https://github.com/dogancelik/slim-json.git",
                "reference": "4a19d4151c2c3d2fc6cf0e5bbbf1b3b18b123f9d"
            },
            "dist": {
                "type": "zip",
                "url": "https://api.github.com/repos/dogancelik/slim-json/zipball/4a19d4151c2c3d2fc6cf0e5bbbf1b3b18b123f9d",
                "reference": "4a19d4151c2c3d2fc6cf0e5bbbf1b3b18b123f9d",
                "shasum": ""
            },
            "require": {
                "php": ">=5.3.0"
            },
            "type": "library",
            "autoload": {
                "psr-0": {
                    "SlimJson": "."
                }
            },
            "notification-url": "https://packagist.org/downloads/",
            "license": [
                "MIT"
            ],
            "authors": [
                {
                    "name": "Doğan Çelik",
                    "email": "iletisim@dogancelik.com",
                    "homepage": "http://dogancelik.com/"
                }
            ],
            "description": "JSON middleware for Slim PHP framework",
            "homepage": "http://github.com/dogancelik/slim-json",
            "keywords": [
                "json",
                "middleware",
                "slim",
                "view"
            ],
            "time": "2015-09-06 16:58:14"
        },
        {
            "name": "gregwar/cache",
            "version": "v1.0.10",
            "target-dir": "Gregwar/Cache",
            "source": {
                "type": "git",
                "url": "https://github.com/Gregwar/Cache.git",
                "reference": "0a1a02e4943e95f491b3d2395609247385975622"
            },
            "dist": {
                "type": "zip",
                "url": "https://api.github.com/repos/Gregwar/Cache/zipball/0a1a02e4943e95f491b3d2395609247385975622",
                "reference": "0a1a02e4943e95f491b3d2395609247385975622",
                "shasum": ""
            },
            "require": {
                "php": ">=5.3"
            },
            "type": "library",
            "autoload": {
                "psr-0": {
                    "Gregwar\\Cache": ""
                }
            },
            "notification-url": "https://packagist.org/downloads/",
            "license": [
                "MIT"
            ],
            "authors": [
                {
                    "name": "Gregwar",
                    "email": "g.passault@gmail.com"
                }
            ],
            "description": "A lightweight file-system cache system",
            "keywords": [
                "cache",
                "caching",
                "file-system",
                "system"
            ],
            "time": "2014-09-24 11:23:30"
        },
        {
            "name": "gregwar/captcha",
            "version": "v1.0.12",
            "target-dir": "Gregwar/Captcha",
            "source": {
                "type": "git",
                "url": "https://github.com/Gregwar/Captcha.git",
                "reference": "c5357cb6f6d2c09f70ed1712382d44af6eae0865"
            },
            "dist": {
                "type": "zip",
                "url": "https://api.github.com/repos/Gregwar/Captcha/zipball/c5357cb6f6d2c09f70ed1712382d44af6eae0865",
                "reference": "c5357cb6f6d2c09f70ed1712382d44af6eae0865",
                "shasum": ""
            },
            "require": {
                "ext-gd": "*",
                "php": ">=5.3.0"
            },
            "type": "captcha",
            "autoload": {
                "psr-0": {
                    "Gregwar\\Captcha": ""
                }
            },
            "notification-url": "https://packagist.org/downloads/",
            "license": [
                "MIT"
            ],
            "authors": [
                {
                    "name": "Grégoire Passault",
                    "email": "g.passault@gmail.com",
                    "homepage": "http://www.gregwar.com/"
                },
                {
                    "name": "Jeremy Livingston",
                    "email": "jeremy.j.livingston@gmail.com"
                }
            ],
            "description": "Captcha generator",
            "homepage": "https://github.com/Gregwar/Captcha",
            "keywords": [
                "bot",
                "captcha",
                "spam"
            ],
            "time": "2015-01-03 12:41:56"
        },
        {
            "name": "gregwar/formidable",
            "version": "dev-master",
            "target-dir": "Gregwar/Formidable",
            "source": {
                "type": "git",
                "url": "https://github.com/Gregwar/Formidable.git",
                "reference": "dbfea589c47e75b9fcad718c1c3f2813b87a0c16"
            },
            "dist": {
                "type": "zip",
                "url": "https://api.github.com/repos/Gregwar/Formidable/zipball/dbfea589c47e75b9fcad718c1c3f2813b87a0c16",
                "reference": "dbfea589c47e75b9fcad718c1c3f2813b87a0c16",
                "shasum": ""
            },
            "require": {
                "gregwar/cache": "1.0.*",
                "gregwar/captcha": "1.0.*",
                "php": ">=5.3.0",
                "symfony/property-access": "2.*"
            },
            "type": "library",
            "autoload": {
                "psr-0": {
                    "Gregwar\\Formidable": ""
                }
            },
            "notification-url": "https://packagist.org/downloads/",
            "license": [
                "MIT"
            ],
            "authors": [
                {
                    "name": "Grégoire Passault",
                    "email": "g.passault@gmail.com",
                    "homepage": "http://www.gregwar.com/"
                }
            ],
            "description": "Formidable, the pragmatic forms library",
            "homepage": "https://gregwar.com/Formidable/",
            "keywords": [
                "Forms",
                "fields",
                "html",
                "input"
            ],
            "time": "2015-05-21 09:23:14"
        },
        {
            "name": "slim/slim",
            "version": "2.6.2",
            "source": {
                "type": "git",
                "url": "https://github.com/slimphp/Slim.git",
                "reference": "20a02782f76830b67ae56a5c08eb1f563c351a37"
            },
            "dist": {
                "type": "zip",
                "url": "https://api.github.com/repos/slimphp/Slim/zipball/20a02782f76830b67ae56a5c08eb1f563c351a37",
                "reference": "20a02782f76830b67ae56a5c08eb1f563c351a37",
                "shasum": ""
            },
            "require": {
                "php": ">=5.3.0"
            },
            "suggest": {
                "ext-mcrypt": "Required for HTTP cookie encryption"
            },
            "type": "library",
            "autoload": {
                "psr-0": {
                    "Slim": "."
                }
            },
            "notification-url": "https://packagist.org/downloads/",
            "license": [
                "MIT"
            ],
            "authors": [
                {
                    "name": "Josh Lockhart",
                    "email": "info@joshlockhart.com",
                    "homepage": "http://www.joshlockhart.com/"
                }
            ],
            "description": "Slim Framework, a PHP micro framework",
            "homepage": "http://github.com/codeguy/Slim",
            "keywords": [
                "microframework",
                "rest",
                "router"
            ],
            "time": "2015-03-08 18:41:17"
        },
        {
            "name": "symfony/property-access",
            "version": "v2.7.4",
            "source": {
                "type": "git",
                "url": "https://github.com/symfony/PropertyAccess.git",
                "reference": "f8ea7aa472f0e3f8cdf43287caa72a70ff5c088c"
            },
            "dist": {
                "type": "zip",
                "url": "https://api.github.com/repos/symfony/PropertyAccess/zipball/f8ea7aa472f0e3f8cdf43287caa72a70ff5c088c",
                "reference": "f8ea7aa472f0e3f8cdf43287caa72a70ff5c088c",
                "shasum": ""
            },
            "require": {
                "php": ">=5.3.9"
            },
            "require-dev": {
                "symfony/phpunit-bridge": "~2.7"
            },
            "type": "library",
            "extra": {
                "branch-alias": {
                    "dev-master": "2.7-dev"
                }
            },
            "autoload": {
                "psr-4": {
                    "Symfony\\Component\\PropertyAccess\\": ""
                }
            },
            "notification-url": "https://packagist.org/downloads/",
            "license": [
                "MIT"
            ],
            "authors": [
                {
                    "name": "Fabien Potencier",
                    "email": "fabien@symfony.com"
                },
                {
                    "name": "Symfony Community",
                    "homepage": "https://symfony.com/contributors"
                }
            ],
            "description": "Symfony PropertyAccess Component",
            "homepage": "https://symfony.com",
            "keywords": [
                "access",
                "array",
                "extraction",
                "index",
                "injection",
                "object",
                "property",
                "property path",
                "reflection"
            ],
            "time": "2015-08-24 07:13:45"
        }
    ],
    "packages-dev": [],
    "aliases": [],
    "minimum-stability": "stable",
    "stability-flags": {
        "gregwar/formidable": 20
    },
    "prefer-stable": false,
    "prefer-lowest": false,
    "platform": [],
    "platform-dev": []
}
